
Microsoft Visual Studio Solution File, Format Version 12.00
# Visual Studio 15
VisualStudioVersion = 15.0.28307.136
MinimumVisualStudioVersion = 10.0.40219.1
Project("{8BC9CEB8-8B4A-11D0-8D11-00A0C91BC942}") = "CPUHangDetector", "CPUHangDetector\CPUHangDetector.vcxproj", "{C4D210EF-9763-4C7E-82B1-5FA72BCA0C34}"
EndProject
Global
	GlobalSection(SolutionConfigurationPlatforms) = preSolution
		Debug|x64 = Debug|x64
		Debug|x86 = Debug|x86
		Release|x64 = Release|x64
		Release|x86 = Release|x86
	EndGlobalSection
	GlobalSection(ProjectConfigurationPlatforms) = postSolution
		{C4D210EF-9763-4C7E-82B1-5FA72BCA0C34}.Debug|x64.ActiveCfg = Debug|x64
		{C4D210EF-9763-4C7E-82B1-5FA72BCA0C34}.Debug|x64.Build.0 = Debug|x64
		{C4D210EF-9763-4C7E-82B1-5FA72BCA0C34}.Debug|x86.ActiveCfg = Debug|Win32
		{C4D210EF-9763-4C7E-82B1-5FA72BCA0C34}.Debug|x86.Build.0 = Debug|Win32
		{C4D210EF-9763-4C7E-82B1-5FA72BCA0C34}.Release|x64.ActiveCfg = Release|x64
		{C4D210EF-9763-4C7E-82B1-5FA72BCA0C34}.Release|x64.Build.0 = Release|x64
		{C4D210EF-9763-4C7E-82B1-5FA72BCA0C34}.Release|x86.ActiveCfg = Release|Win32
		{C4D210EF-9763-4C7E-82B1-5FA72BCA0C34}.Release|x86.Build.0 = Release|Win32
	EndGlobalSection
	GlobalSection(SolutionProperties) = preSolution
		HideSolutionNode = FALSE
	EndGlobalSection
	GlobalSection(ExtensibilityGlobals) = postSolution
		SolutionGuid = {E2E452EA-A446-4F84-A5A8-177114CC19C2}
	EndGlobalSection
EndGlobal
